// !$*UTF8*$!
{
	archiveVersion = 1;
	classes = {
	};
	objectVersion = 46;
	objects = {

/* Begin PBXBuildFile section */
		1C0FCC711D48B5B300AFDC4C /* GSUnderlineSelectionView.m in Sources */ = {isa = PBXBuildFile; fileRef = 1C0FCC701D48B5B300AFDC4C /* GSUnderlineSelectionView.m */; };
		1C0FCC741D48C06C00AFDC4C /* GSModelBase.m in Sources */ = {isa = PBXBuildFile; fileRef = 1C0FCC731D48C06C00AFDC4C /* GSModelBase.m */; };
		1C1A86911D45A999003F6F7B /* GSCalendar.m in Sources */ = {isa = PBXBuildFile; fileRef = 1C1A867E1D45A999003F6F7B /* GSCalendar.m */; };
		1C1A86921D45A999003F6F7B /* GSCameraManager.m in Sources */ = {isa = PBXBuildFile; fileRef = 1C1A86801D45A999003F6F7B /* GSCameraManager.m */; };
		1C1A86931D45A999003F6F7B /* GSPlayer.m in Sources */ = {isa = PBXBuildFile; fileRef = 1C1A86841D45A999003F6F7B /* GSPlayer.m */; };
		1C1A86941D45A999003F6F7B /* GSTimer.m in Sources */ = {isa = PBXBuildFile; fileRef = 1C1A86861D45A999003F6F7B /* GSTimer.m */; };
		1C1A86951D45A999003F6F7B /* GSTool.m in Sources */ = {isa = PBXBuildFile; fileRef = 1C1A86881D45A999003F6F7B /* GSTool.m */; };
		1C1A86961D45A999003F6F7B /* GSWaittingView.m in Sources */ = {isa = PBXBuildFile; fileRef = 1C1A868A1D45A999003F6F7B /* GSWaittingView.m */; };
		1C1A86971D45A999003F6F7B /* UIButton+GSBlock.m in Sources */ = {isa = PBXBuildFile; fileRef = 1C1A868C1D45A999003F6F7B /* UIButton+GSBlock.m */; };
		1C1A86991D45A999003F6F7B /* UIView+GSLoading.m in Sources */ = {isa = PBXBuildFile; fileRef = 1C1A86901D45A999003F6F7B /* UIView+GSLoading.m */; };
		1C7FE8781D485898000BA9D6 /* GSLayer.m in Sources */ = {isa = PBXBuildFile; fileRef = 1C7FE8771D485898000BA9D6 /* GSLayer.m */; };
		1C7FE87B1D4858AC000BA9D6 /* GSView.m in Sources */ = {isa = PBXBuildFile; fileRef = 1C7FE87A1D4858AC000BA9D6 /* GSView.m */; };
		1C7FE8811D485C5C000BA9D6 /* CALayer+GSCategory.m in Sources */ = {isa = PBXBuildFile; fileRef = 1C7FE8801D485C5C000BA9D6 /* CALayer+GSCategory.m */; };
		1C81A85D1D4F452200E2FF39 /* UIImage+GSCategory.m in Sources */ = {isa = PBXBuildFile; fileRef = 1C81A85C1D4F452200E2FF39 /* UIImage+GSCategory.m */; };
		1CB4EB681D499FCA00C958F7 /* GSIndicatorView.m in Sources */ = {isa = PBXBuildFile; fileRef = 1CB4EB651D499FCA00C958F7 /* GSIndicatorView.m */; };
		1CB4EB691D499FCA00C958F7 /* GSShapeSlider.m in Sources */ = {isa = PBXBuildFile; fileRef = 1CB4EB671D499FCA00C958F7 /* GSShapeSlider.m */; };
		1CB4EB701D49A10100C958F7 /* GSCollectionViewController.m in Sources */ = {isa = PBXBuildFile; fileRef = 1CB4EB6F1D49A10100C958F7 /* GSCollectionViewController.m */; };
		1CB4EB761D49A97D00C958F7 /* GSCollectionViewModel.m in Sources */ = {isa = PBXBuildFile; fileRef = 1CB4EB751D49A97D00C958F7 /* GSCollectionViewModel.m */; };
		1CB4EB791D49AA5700C958F7 /* GSCollectionViewItem.m in Sources */ = {isa = PBXBuildFile; fileRef = 1CB4EB781D49AA5700C958F7 /* GSCollectionViewItem.m */; };
		1CB4EB7C1D4A023000C958F7 /* GSCollectionViewItemModel.m in Sources */ = {isa = PBXBuildFile; fileRef = 1CB4EB7B1D4A023000C958F7 /* GSCollectionViewItemModel.m */; };
		1CB4EB7F1D4A023900C958F7 /* GSCollectionViewSectionModel.m in Sources */ = {isa = PBXBuildFile; fileRef = 1CB4EB7E1D4A023900C958F7 /* GSCollectionViewSectionModel.m */; };
		1CB4EB821D4A0BAF00C958F7 /* GSCollectionViewDataModel.m in Sources */ = {isa = PBXBuildFile; fileRef = 1CB4EB811D4A0BAF00C958F7 /* GSCollectionViewDataModel.m */; };
		1CDEA94D1D421EE5008701BA /* main.m in Sources */ = {isa = PBXBuildFile; fileRef = 1CDEA94C1D421EE5008701BA /* main.m */; };
		1CDEA9501D421EE5008701BA /* AppDelegate.m in Sources */ = {isa = PBXBuildFile; fileRef = 1CDEA94F1D421EE5008701BA /* AppDelegate.m */; };
		1CDEA9531D421EE5008701BA /* ViewController.m in Sources */ = {isa = PBXBuildFile; fileRef = 1CDEA9521D421EE5008701BA /* ViewController.m */; };
		1CDEA9581D421EE5008701BA /* Assets.xcassets in Resources */ = {isa = PBXBuildFile; fileRef = 1CDEA9571D421EE5008701BA /* Assets.xcassets */; };
		1CDEA95B1D421EE5008701BA /* LaunchScreen.storyboard in Resources */ = {isa = PBXBuildFile; fileRef = 1CDEA9591D421EE5008701BA /* LaunchScreen.storyboard */; };
		1CDEA9661D421EE5008701BA /* GSKitDemoTests.m in Sources */ = {isa = PBXBuildFile; fileRef = 1CDEA9651D421EE5008701BA /* GSKitDemoTests.m */; };
		1CDEA9711D421EE5008701BA /* GSKitDemoUITests.m in Sources */ = {isa = PBXBuildFile; fileRef = 1CDEA9701D421EE5008701BA /* GSKitDemoUITests.m */; };
		1CDEA9A61D422262008701BA /* GSCameraNavigationController.m in Sources */ = {isa = PBXBuildFile; fileRef = 1CDEA99D1D422262008701BA /* GSCameraNavigationController.m */; };
		1CDEA9A71D422262008701BA /* GSCameraViewController.m in Sources */ = {isa = PBXBuildFile; fileRef = 1CDEA99F1D422262008701BA /* GSCameraViewController.m */; };
		1CDEA9A81D422262008701BA /* GSEditPhotoViewController.m in Sources */ = {isa = PBXBuildFile; fileRef = 1CDEA9A11D422262008701BA /* GSEditPhotoViewController.m */; };
		1CDEA9A91D422262008701BA /* GSPublishViewController.m in Sources */ = {isa = PBXBuildFile; fileRef = 1CDEA9A31D422262008701BA /* GSPublishViewController.m */; };
		1CDEA9AA1D422262008701BA /* MianViewController.m in Sources */ = {isa = PBXBuildFile; fileRef = 1CDEA9A51D422262008701BA /* MianViewController.m */; };
/* End PBXBuildFile section */

/* Begin PBXContainerItemProxy section */
		1CDEA9621D421EE5008701BA /* PBXContainerItemProxy */ = {
			isa = PBXContainerItemProxy;
			containerPortal = 1CDEA9401D421EE5008701BA /* Project object */;
			proxyType = 1;
			remoteGlobalIDString = 1CDEA9471D421EE5008701BA;
			remoteInfo = GSKitDemo;
		};
		1CDEA96D1D421EE5008701BA /* PBXContainerItemProxy */ = {
			isa = PBXContainerItemProxy;
			containerPortal = 1CDEA9401D421EE5008701BA /* Project object */;
			proxyType = 1;
			remoteGlobalIDString = 1CDEA9471D421EE5008701BA;
			remoteInfo = GSKitDemo;
		};
/* End PBXContainerItemProxy section */

/* Begin PBXFileReference section */
		1C0FCC6F1D48B5B300AFDC4C /* GSUnderlineSelectionView.h */ = {isa = PBXFileReference; fileEncoding = 4; lastKnownFileType = sourcecode.c.h; path = GSUnderlineSelectionView.h; sourceTree = "<group>"; };
		1C0FCC701D48B5B300AFDC4C /* GSUnderlineSelectionView.m */ = {isa = PBXFileReference; fileEncoding = 4; lastKnownFileType = sourcecode.c.objc; path = GSUnderlineSelectionView.m; sourceTree = "<group>"; };
		1C0FCC721D48C06C00AFDC4C /* GSModelBase.h */ = {isa = PBXFileReference; fileEncoding = 4; lastKnownFileType = sourcecode.c.h; path = GSModelBase.h; sourceTree = "<group>"; };
		1C0FCC731D48C06C00AFDC4C /* GSModelBase.m */ = {isa = PBXFileReference; fileEncoding = 4; lastKnownFileType = sourcecode.c.objc; path = GSModelBase.m; sourceTree = "<group>"; };
		1C1A867D1D45A999003F6F7B /* GSCalendar.h */ = {isa = PBXFileReference; fileEncoding = 4; lastKnownFileType = sourcecode.c.h; path = GSCalendar.h; sourceTree = "<group>"; };
		1C1A867E1D45A999003F6F7B /* GSCalendar.m */ = {isa = PBXFileReference; fileEncoding = 4; lastKnownFileType = sourcecode.c.objc; path = GSCalendar.m; sourceTree = "<group>"; };
		1C1A867F1D45A999003F6F7B /* GSCameraManager.h */ = {isa = PBXFileReference; fileEncoding = 4; lastKnownFileType = sourcecode.c.h; path = GSCameraManager.h; sourceTree = "<group>"; };
		1C1A86801D45A999003F6F7B /* GSCameraManager.m */ = {isa = PBXFileReference; fileEncoding = 4; lastKnownFileType = sourcecode.c.objc; path = GSCameraManager.m; sourceTree = "<group>"; };
		1C1A86811D45A999003F6F7B /* GSDefine.h */ = {isa = PBXFileReference; fileEncoding = 4; lastKnownFileType = sourcecode.c.h; path = GSDefine.h; sourceTree = "<group>"; };
		1C1A86821D45A999003F6F7B /* GSKit.h */ = {isa = PBXFileReference; fileEncoding = 4; lastKnownFileType = sourcecode.c.h; path = GSKit.h; sourceTree = "<group>"; };
		1C1A86831D45A999003F6F7B /* GSPlayer.h */ = {isa = PBXFileReference; fileEncoding = 4; lastKnownFileType = sourcecode.c.h; path = GSPlayer.h; sourceTree = "<group>"; };
		1C1A86841D45A999003F6F7B /* GSPlayer.m */ = {isa = PBXFileReference; fileEncoding = 4; lastKnownFileType = sourcecode.c.objc; path = GSPlayer.m; sourceTree = "<group>"; };
		1C1A86851D45A999003F6F7B /* GSTimer.h */ = {isa = PBXFileReference; fileEncoding = 4; lastKnownFileType = sourcecode.c.h; path = GSTimer.h; sourceTree = "<group>"; };
		1C1A86861D45A999003F6F7B /* GSTimer.m */ = {isa = PBXFileReference; fileEncoding = 4; lastKnownFileType = sourcecode.c.objc; path = GSTimer.m; sourceTree = "<group>"; };
		1C1A86871D45A999003F6F7B /* GSTool.h */ = {isa = PBXFileReference; fileEncoding = 4; lastKnownFileType = sourcecode.c.h; path = GSTool.h; sourceTree = "<group>"; };
		1C1A86881D45A999003F6F7B /* GSTool.m */ = {isa = PBXFileReference; fileEncoding = 4; lastKnownFileType = sourcecode.c.objc; path = GSTool.m; sourceTree = "<group>"; };
		1C1A86891D45A999003F6F7B /* GSWaittingView.h */ = {isa = PBXFileReference; fileEncoding = 4; lastKnownFileType = sourcecode.c.h; path = GSWaittingView.h; sourceTree = "<group>"; };
		1C1A868A1D45A999003F6F7B /* GSWaittingView.m */ = {isa = PBXFileReference; fileEncoding = 4; lastKnownFileType = sourcecode.c.objc; path = GSWaittingView.m; sourceTree = "<group>"; };
		1C1A868B1D45A999003F6F7B /* UIButton+GSBlock.h */ = {isa = PBXFileReference; fileEncoding = 4; lastKnownFileType = sourcecode.c.h; path = "UIButton+GSBlock.h"; sourceTree = "<group>"; };
		1C1A868C1D45A999003F6F7B /* UIButton+GSBlock.m */ = {isa = PBXFileReference; fileEncoding = 4; lastKnownFileType = sourcecode.c.objc; path = "UIButton+GSBlock.m"; sourceTree = "<group>"; };
		1C1A868F1D45A999003F6F7B /* UIView+GSLoading.h */ = {isa = PBXFileReference; fileEncoding = 4; lastKnownFileType = sourcecode.c.h; path = "UIView+GSLoading.h"; sourceTree = "<group>"; };
		1C1A86901D45A999003F6F7B /* UIView+GSLoading.m */ = {isa = PBXFileReference; fileEncoding = 4; lastKnownFileType = sourcecode.c.objc; path = "UIView+GSLoading.m"; sourceTree = "<group>"; };
		1C7FE8761D485898000BA9D6 /* GSLayer.h */ = {isa = PBXFileReference; fileEncoding = 4; lastKnownFileType = sourcecode.c.h; path = GSLayer.h; sourceTree = "<group>"; };
		1C7FE8771D485898000BA9D6 /* GSLayer.m */ = {isa = PBXFileReference; fileEncoding = 4; lastKnownFileType = sourcecode.c.objc; path = GSLayer.m; sourceTree = "<group>"; };
		1C7FE8791D4858AC000BA9D6 /* GSView.h */ = {isa = PBXFileReference; fileEncoding = 4; lastKnownFileType = sourcecode.c.h; path = GSView.h; sourceTree = "<group>"; };
		1C7FE87A1D4858AC000BA9D6 /* GSView.m */ = {isa = PBXFileReference; fileEncoding = 4; lastKnownFileType = sourcecode.c.objc; path = GSView.m; sourceTree = "<group>"; };
		1C7FE87F1D485C5C000BA9D6 /* CALayer+GSCategory.h */ = {isa = PBXFileReference; fileEncoding = 4; lastKnownFileType = sourcecode.c.h; path = "CALayer+GSCategory.h"; sourceTree = "<group>"; };
		1C7FE8801D485C5C000BA9D6 /* CALayer+GSCategory.m */ = {isa = PBXFileReference; fileEncoding = 4; lastKnownFileType = sourcecode.c.objc; path = "CALayer+GSCategory.m"; sourceTree = "<group>"; };
		1C81A85B1D4F452200E2FF39 /* UIImage+GSCategory.h */ = {isa = PBXFileReference; fileEncoding = 4; lastKnownFileType = sourcecode.c.h; path = "UIImage+GSCategory.h"; sourceTree = "<group>"; };
		1C81A85C1D4F452200E2FF39 /* UIImage+GSCategory.m */ = {isa = PBXFileReference; fileEncoding = 4; lastKnownFileType = sourcecode.c.objc; path = "UIImage+GSCategory.m"; sourceTree = "<group>"; };
		1CB4EB641D499FCA00C958F7 /* GSIndicatorView.h */ = {isa = PBXFileReference; fileEncoding = 4; lastKnownFileType = sourcecode.c.h; path = GSIndicatorView.h; sourceTree = "<group>"; };
		1CB4EB651D499FCA00C958F7 /* GSIndicatorView.m */ = {isa = PBXFileReference; fileEncoding = 4; lastKnownFileType = sourcecode.c.objc; path = GSIndicatorView.m; sourceTree = "<group>"; };
		1CB4EB661D499FCA00C958F7 /* GSShapeSlider.h */ = {isa = PBXFileReference; fileEncoding = 4; lastKnownFileType = sourcecode.c.h; path = GSShapeSlider.h; sourceTree = "<group>"; };
		1CB4EB671D499FCA00C958F7 /* GSShapeSlider.m */ = {isa = PBXFileReference; fileEncoding = 4; lastKnownFileType = sourcecode.c.objc; path = GSShapeSlider.m; sourceTree = "<group>"; };
		1CB4EB6E1D49A10100C958F7 /* GSCollectionViewController.h */ = {isa = PBXFileReference; fileEncoding = 4; lastKnownFileType = sourcecode.c.h; path = GSCollectionViewController.h; sourceTree = "<group>"; };
		1CB4EB6F1D49A10100C958F7 /* GSCollectionViewController.m */ = {isa = PBXFileReference; fileEncoding = 4; lastKnownFileType = sourcecode.c.objc; path = GSCollectionViewController.m; sourceTree = "<group>"; };
		1CB4EB741D49A97D00C958F7 /* GSCollectionViewModel.h */ = {isa = PBXFileReference; fileEncoding = 4; lastKnownFileType = sourcecode.c.h; path = GSCollectionViewModel.h; sourceTree = "<group>"; };
		1CB4EB751D49A97D00C958F7 /* GSCollectionViewModel.m */ = {isa = PBXFileReference; fileEncoding = 4; lastKnownFileType = sourcecode.c.objc; path = GSCollectionViewModel.m; sourceTree = "<group>"; };
		1CB4EB771D49AA5700C958F7 /* GSCollectionViewItem.h */ = {isa = PBXFileReference; fileEncoding = 4; lastKnownFileType = sourcecode.c.h; path = GSCollectionViewItem.h; sourceTree = "<group>"; };
		1CB4EB781D49AA5700C958F7 /* GSCollectionViewItem.m */ = {isa = PBXFileReference; fileEncoding = 4; lastKnownFileType = sourcecode.c.objc; path = GSCollectionViewItem.m; sourceTree = "<group>"; };
		1CB4EB7A1D4A023000C958F7 /* GSCollectionViewItemModel.h */ = {isa = PBXFileReference; fileEncoding = 4; lastKnownFileType = sourcecode.c.h; path = GSCollectionViewItemModel.h; sourceTree = "<group>"; };
		1CB4EB7B1D4A023000C958F7 /* GSCollectionViewItemModel.m */ = {isa = PBXFileReference; fileEncoding = 4; lastKnownFileType = sourcecode.c.objc; path = GSCollectionViewItemModel.m; sourceTree = "<group>"; };
		1CB4EB7D1D4A023900C958F7 /* GSCollectionViewSectionModel.h */ = {isa = PBXFileReference; fileEncoding = 4; lastKnownFileType = sourcecode.c.h; path = GSCollectionViewSectionModel.h; sourceTree = "<group>"; };
		1CB4EB7E1D4A023900C958F7 /* GSCollectionViewSectionModel.m */ = {isa = PBXFileReference; fileEncoding = 4; lastKnownFileType = sourcecode.c.objc; path = GSCollectionViewSectionModel.m; sourceTree = "<group>"; };
		1CB4EB801D4A0BAF00C958F7 /* GSCollectionViewDataModel.h */ = {isa = PBXFileReference; fileEncoding = 4; lastKnownFileType = sourcecode.c.h; path = GSCollectionViewDataModel.h; sourceTree = "<group>"; };
		1CB4EB811D4A0BAF00C958F7 /* GSCollectionViewDataModel.m */ = {isa = PBXFileReference; fileEncoding = 4; lastKnownFileType = sourcecode.c.objc; path = GSCollectionViewDataModel.m; sourceTree = "<group>"; };
		1CDEA9481D421EE5008701BA /* GSKitDemo.app */ = {isa = PBXFileReference; explicitFileType = wrapper.application; includeInIndex = 0; path = GSKitDemo.app; sourceTree = BUILT_PRODUCTS_DIR; };
		1CDEA94C1D421EE5008701BA /* main.m */ = {isa = PBXFileReference; lastKnownFileType = sourcecode.c.objc; path = main.m; sourceTree = "<group>"; };
		1CDEA94E1D421EE5008701BA /* AppDelegate.h */ = {isa = PBXFileReference; lastKnownFileType = sourcecode.c.h; path = AppDelegate.h; sourceTree = "<group>"; };
		1CDEA94F1D421EE5008701BA /* AppDelegate.m */ = {isa = PBXFileReference; lastKnownFileType = sourcecode.c.objc; path = AppDelegate.m; sourceTree = "<group>"; };
		1CDEA9511D421EE5008701BA /* ViewController.h */ = {isa = PBXFileReference; lastKnownFileType = sourcecode.c.h; path = ViewController.h; sourceTree = "<group>"; };
		1CDEA9521D421EE5008701BA /* ViewController.m */ = {isa = PBXFileReference; lastKnownFileType = sourcecode.c.objc; path = ViewController.m; sourceTree = "<group>"; };
		1CDEA9571D421EE5008701BA /* Assets.xcassets */ = {isa = PBXFileReference; lastKnownFileType = folder.assetcatalog; path = Assets.xcassets; sourceTree = "<group>"; };
		1CDEA95A1D421EE5008701BA /* Base */ = {isa = PBXFileReference; lastKnownFileType = file.storyboard; name = Base; path = Base.lproj/LaunchScreen.storyboard; sourceTree = "<group>"; };
		1CDEA95C1D421EE5008701BA /* Info.plist */ = {isa = PBXFileReference; lastKnownFileType = text.plist.xml; path = Info.plist; sourceTree = "<group>"; };
		1CDEA9611D421EE5008701BA /* GSKitDemoTests.xctest */ = {isa = PBXFileReference; explicitFileType = wrapper.cfbundle; includeInIndex = 0; path = GSKitDemoTests.xctest; sourceTree = BUILT_PRODUCTS_DIR; };
		1CDEA9651D421EE5008701BA /* GSKitDemoTests.m */ = {isa = PBXFileReference; lastKnownFileType = sourcecode.c.objc; path = GSKitDemoTests.m; sourceTree = "<group>"; };
		1CDEA9671D421EE5008701BA /* Info.plist */ = {isa = PBXFileReference; lastKnownFileType = text.plist.xml; path = Info.plist; sourceTree = "<group>"; };
		1CDEA96C1D421EE5008701BA /* GSKitDemoUITests.xctest */ = {isa = PBXFileReference; explicitFileType = wrapper.cfbundle; includeInIndex = 0; path = GSKitDemoUITests.xctest; sourceTree = BUILT_PRODUCTS_DIR; };
		1CDEA9701D421EE5008701BA /* GSKitDemoUITests.m */ = {isa = PBXFileReference; lastKnownFileType = sourcecode.c.objc; path = GSKitDemoUITests.m; sourceTree = "<group>"; };
		1CDEA9721D421EE5008701BA /* Info.plist */ = {isa = PBXFileReference; lastKnownFileType = text.plist.xml; path = Info.plist; sourceTree = "<group>"; };
		1CDEA99C1D422262008701BA /* GSCameraNavigationController.h */ = {isa = PBXFileReference; fileEncoding = 4; lastKnownFileType = sourcecode.c.h; path = GSCameraNavigationController.h; sourceTree = "<group>"; };
		1CDEA99D1D422262008701BA /* GSCameraNavigationController.m */ = {isa = PBXFileReference; fileEncoding = 4; lastKnownFileType = sourcecode.c.objc; path = GSCameraNavigationController.m; sourceTree = "<group>"; };
		1CDEA99E1D422262008701BA /* GSCameraViewController.h */ = {isa = PBXFileReference; fileEncoding = 4; lastKnownFileType = sourcecode.c.h; path = GSCameraViewController.h; sourceTree = "<group>"; };
		1CDEA99F1D422262008701BA /* GSCameraViewController.m */ = {isa = PBXFileReference; fileEncoding = 4; lastKnownFileType = sourcecode.c.objc; path = GSCameraViewController.m; sourceTree = "<group>"; };
		1CDEA9A01D422262008701BA /* GSEditPhotoViewController.h */ = {isa = PBXFileReference; fileEncoding = 4; lastKnownFileType = sourcecode.c.h; path = GSEditPhotoViewController.h; sourceTree = "<group>"; };
		1CDEA9A11D422262008701BA /* GSEditPhotoViewController.m */ = {isa = PBXFileReference; fileEncoding = 4; lastKnownFileType = sourcecode.c.objc; path = GSEditPhotoViewController.m; sourceTree = "<group>"; };
		1CDEA9A21D422262008701BA /* GSPublishViewController.h */ = {isa = PBXFileReference; fileEncoding = 4; lastKnownFileType = sourcecode.c.h; path = GSPublishViewController.h; sourceTree = "<group>"; };
		1CDEA9A31D422262008701BA /* GSPublishViewController.m */ = {isa = PBXFileReference; fileEncoding = 4; lastKnownFileType = sourcecode.c.objc; path = GSPublishViewController.m; sourceTree = "<group>"; };
		1CDEA9A41D422262008701BA /* MianViewController.h */ = {isa = PBXFileReference; fileEncoding = 4; lastKnownFileType = sourcecode.c.h; path = MianViewController.h; sourceTree = "<group>"; };
		1CDEA9A51D422262008701BA /* MianViewController.m */ = {isa = PBXFileReference; fileEncoding = 4; lastKnownFileType = sourcecode.c.objc; path = MianViewController.m; sourceTree = "<group>"; };
/* End PBXFileReference section */

/* Begin PBXFrameworksBuildPhase section */
		1CDEA9451D421EE5008701BA /* Frameworks */ = {
			isa = PBXFrameworksBuildPhase;
			buildActionMask = 2147483647;
			files = (
			);
			runOnlyForDeploymentPostprocessing = 0;
		};
		1CDEA95E1D421EE5008701BA /* Frameworks */ = {
			isa = PBXFrameworksBuildPhase;
			buildActionMask = 2147483647;
			files = (
			);
			runOnlyForDeploymentPostprocessing = 0;
		};
		1CDEA9691D421EE5008701BA /* Frameworks */ = {
			isa = PBXFrameworksBuildPhase;
			buildActionMask = 2147483647;
			files = (
			);
			runOnlyForDeploymentPostprocessing = 0;
		};
/* End PBXFrameworksBuildPhase section */

/* Begin PBXGroup section */
		1C1A867C1D45A999003F6F7B /* GSKit */ = {
			isa = PBXGroup;
			children = (
				1C1A86821D45A999003F6F7B /* GSKit.h */,
				1C1A86811D45A999003F6F7B /* GSDefine.h */,
				1C0FCC721D48C06C00AFDC4C /* GSModelBase.h */,
				1C0FCC731D48C06C00AFDC4C /* GSModelBase.m */,
				1C1A86871D45A999003F6F7B /* GSTool.h */,
				1C1A86881D45A999003F6F7B /* GSTool.m */,
				1C1A867D1D45A999003F6F7B /* GSCalendar.h */,
				1C1A867E1D45A999003F6F7B /* GSCalendar.m */,
				1C1A867F1D45A999003F6F7B /* GSCameraManager.h */,
				1C1A86801D45A999003F6F7B /* GSCameraManager.m */,
				1C1A86831D45A999003F6F7B /* GSPlayer.h */,
				1C1A86841D45A999003F6F7B /* GSPlayer.m */,
				1C1A86851D45A999003F6F7B /* GSTimer.h */,
				1C1A86861D45A999003F6F7B /* GSTimer.m */,
				1C1A86891D45A999003F6F7B /* GSWaittingView.h */,
				1C1A868A1D45A999003F6F7B /* GSWaittingView.m */,
				1C1A868B1D45A999003F6F7B /* UIButton+GSBlock.h */,
				1C1A868C1D45A999003F6F7B /* UIButton+GSBlock.m */,
				1C0FCC6F1D48B5B300AFDC4C /* GSUnderlineSelectionView.h */,
				1C0FCC701D48B5B300AFDC4C /* GSUnderlineSelectionView.m */,
				1C81A85B1D4F452200E2FF39 /* UIImage+GSCategory.h */,
				1C81A85C1D4F452200E2FF39 /* UIImage+GSCategory.m */,
				1C1A868F1D45A999003F6F7B /* UIView+GSLoading.h */,
				1C1A86901D45A999003F6F7B /* UIView+GSLoading.m */,
				1C7FE87F1D485C5C000BA9D6 /* CALayer+GSCategory.h */,
				1C7FE8801D485C5C000BA9D6 /* CALayer+GSCategory.m */,
				1C7FE8761D485898000BA9D6 /* GSLayer.h */,
				1C7FE8771D485898000BA9D6 /* GSLayer.m */,
				1C7FE8791D4858AC000BA9D6 /* GSView.h */,
				1C7FE87A1D4858AC000BA9D6 /* GSView.m */,
				1CB4EB6D1D49A0F700C958F7 /* CollectionView */,
				1CB4EB631D499FCA00C958F7 /* Spec */,
			);
			name = GSKit;
			path = ../GSKit;
			sourceTree = "<group>";
		};
		1CB4EB631D499FCA00C958F7 /* Spec */ = {
			isa = PBXGroup;
			children = (
				1CB4EB641D499FCA00C958F7 /* GSIndicatorView.h */,
				1CB4EB651D499FCA00C958F7 /* GSIndicatorView.m */,
				1CB4EB661D499FCA00C958F7 /* GSShapeSlider.h */,
				1CB4EB671D499FCA00C958F7 /* GSShapeSlider.m */,
			);
			path = Spec;
			sourceTree = "<group>";
		};
		1CB4EB6D1D49A0F700C958F7 /* CollectionView */ = {
			isa = PBXGroup;
			children = (
				1CB4EB6E1D49A10100C958F7 /* GSCollectionViewController.h */,
				1CB4EB6F1D49A10100C958F7 /* GSCollectionViewController.m */,
				1CB4EB771D49AA5700C958F7 /* GSCollectionViewItem.h */,
				1CB4EB781D49AA5700C958F7 /* GSCollectionViewItem.m */,
				1CB4EB801D4A0BAF00C958F7 /* GSCollectionViewDataModel.h */,
				1CB4EB811D4A0BAF00C958F7 /* GSCollectionViewDataModel.m */,
				1CB4EB741D49A97D00C958F7 /* GSCollectionViewModel.h */,
				1CB4EB751D49A97D00C958F7 /* GSCollectionViewModel.m */,
				1CB4EB7A1D4A023000C958F7 /* GSCollectionViewItemModel.h */,
				1CB4EB7B1D4A023000C958F7 /* GSCollectionViewItemModel.m */,
				1CB4EB7D1D4A023900C958F7 /* GSCollectionViewSectionModel.h */,
				1CB4EB7E1D4A023900C958F7 /* GSCollectionViewSectionModel.m */,
			);
			path = CollectionView;
			sourceTree = "<group>";
		};
		1CDEA93F1D421EE5008701BA = {
			isa = PBXGroup;
			children = (
				1C1A867C1D45A999003F6F7B /* GSKit */,
				1CDEA94A1D421EE5008701BA /* GSKitDemo */,
				1CDEA9641D421EE5008701BA /* GSKitDemoTests */,
				1CDEA96F1D421EE5008701BA /* GSKitDemoUITests */,
				1CDEA9491D421EE5008701BA /* Products */,
			);
			sourceTree = "<group>";
		};
		1CDEA9491D421EE5008701BA /* Products */ = {
			isa = PBXGroup;
			children = (
				1CDEA9481D421EE5008701BA /* GSKitDemo.app */,
				1CDEA9611D421EE5008701BA /* GSKitDemoTests.xctest */,
				1CDEA96C1D421EE5008701BA /* GSKitDemoUITests.xctest */,
			);
			name = Products;
			sourceTree = "<group>";
		};
		1CDEA94A1D421EE5008701BA /* GSKitDemo */ = {
			isa = PBXGroup;
			children = (
				1CDEA94E1D421EE5008701BA /* AppDelegate.h */,
				1CDEA94F1D421EE5008701BA /* AppDelegate.m */,
				1CDEA9511D421EE5008701BA /* ViewController.h */,
				1CDEA9521D421EE5008701BA /* ViewController.m */,
				1CDEA9A41D422262008701BA /* MianViewController.h */,
				1CDEA9A51D422262008701BA /* MianViewController.m */,
				1CDEA99C1D422262008701BA /* GSCameraNavigationController.h */,
				1CDEA99D1D422262008701BA /* GSCameraNavigationController.m */,
				1CDEA99E1D422262008701BA /* GSCameraViewController.h */,
				1CDEA99F1D422262008701BA /* GSCameraViewController.m */,
				1CDEA9A01D422262008701BA /* GSEditPhotoViewController.h */,
				1CDEA9A11D422262008701BA /* GSEditPhotoViewController.m */,
				1CDEA9A21D422262008701BA /* GSPublishViewController.h */,
				1CDEA9A31D422262008701BA /* GSPublishViewController.m */,
				1CDEA9571D421EE5008701BA /* Assets.xcassets */,
				1CDEA9591D421EE5008701BA /* LaunchScreen.storyboard */,
				1CDEA95C1D421EE5008701BA /* Info.plist */,
				1CDEA94B1D421EE5008701BA /* Supporting Files */,
			);
			path = GSKitDemo;
			sourceTree = "<group>";
		};
		1CDEA94B1D421EE5008701BA /* Supporting Files */ = {
			isa = PBXGroup;
			children = (
				1CDEA94C1D421EE5008701BA /* main.m */,
			);
			name = "Supporting Files";
			sourceTree = "<group>";
		};
		1CDEA9641D421EE5008701BA /* GSKitDemoTests */ = {
			isa = PBXGroup;
			children = (
				1CDEA9651D421EE5008701BA /* GSKitDemoTests.m */,
				1CDEA9671D421EE5008701BA /* Info.plist */,
			);
			path = GSKitDemoTests;
			sourceTree = "<group>";
		};
		1CDEA96F1D421EE5008701BA /* GSKitDemoUITests */ = {
			isa = PBXGroup;
			children = (
				1CDEA9701D421EE5008701BA /* GSKitDemoUITests.m */,
				1CDEA9721D421EE5008701BA /* Info.plist */,
			);
			path = GSKitDemoUITests;
			sourceTree = "<group>";
		};
/* End PBXGroup section */

/* Begin PBXNativeTarget section */
		1CDEA9471D421EE5008701BA /* GSKitDemo */ = {
			isa = PBXNativeTarget;
			buildConfigurationList = 1CDEA9751D421EE5008701BA /* Build configuration list for PBXNativeTarget "GSKitDemo" */;
			buildPhases = (
				1CDEA9441D421EE5008701BA /* Sources */,
				1CDEA9451D421EE5008701BA /* Frameworks */,
				1CDEA9461D421EE5008701BA /* Resources */,
			);
			buildRules = (
			);
			dependencies = (
			);
			name = GSKitDemo;
			productName = GSKitDemo;
			productReference = 1CDEA9481D421EE5008701BA /* GSKitDemo.app */;
			productType = "com.apple.product-type.application";
		};
		1CDEA9601D421EE5008701BA /* GSKitDemoTests */ = {
			isa = PBXNativeTarget;
			buildConfigurationList = 1CDEA9781D421EE5008701BA /* Build configuration list for PBXNativeTarget "GSKitDemoTests" */;
			buildPhases = (
				1CDEA95D1D421EE5008701BA /* Sources */,
				1CDEA95E1D421EE5008701BA /* Frameworks */,
				1CDEA95F1D421EE5008701BA /* Resources */,
			);
			buildRules = (
			);
			dependencies = (
				1CDEA9631D421EE5008701BA /* PBXTargetDependency */,
			);
			name = GSKitDemoTests;
			productName = GSKitDemoTests;
			productReference = 1CDEA9611D421EE5008701BA /* GSKitDemoTests.xctest */;
			productType = "com.apple.product-type.bundle.unit-test";
		};
		1CDEA96B1D421EE5008701BA /* GSKitDemoUITests */ = {
			isa = PBXNativeTarget;
			buildConfigurationList = 1CDEA97B1D421EE5008701BA /* Build configuration list for PBXNativeTarget "GSKitDemoUITests" */;
			buildPhases = (
				1CDEA9681D421EE5008701BA /* Sources */,
				1CDEA9691D421EE5008701BA /* Frameworks */,
				1CDEA96A1D421EE5008701BA /* Resources */,
			);
			buildRules = (
			);
			dependencies = (
				1CDEA96E1D421EE5008701BA /* PBXTargetDependency */,
			);
			name = GSKitDemoUITests;
			productName = GSKitDemoUITests;
			productReference = 1CDEA96C1D421EE5008701BA /* GSKitDemoUITests.xctest */;
			productType = "com.apple.product-type.bundle.ui-testing";
		};
/* End PBXNativeTarget section */

/* Begin PBXProject section */
		1CDEA9401D421EE5008701BA /* Project object */ = {
			isa = PBXProject;
			attributes = {
				LastUpgradeCheck = 0730;
				ORGANIZATIONNAME = GarryLance;
				TargetAttributes = {
					1CDEA9471D421EE5008701BA = {
						CreatedOnToolsVersion = 7.3.1;
					};
					1CDEA9601D421EE5008701BA = {
						CreatedOnToolsVersion = 7.3.1;
						TestTargetID = 1CDEA9471D421EE5008701BA;
					};
					1CDEA96B1D421EE5008701BA = {
						CreatedOnToolsVersion = 7.3.1;
						TestTargetID = 1CDEA9471D421EE5008701BA;
					};
				};
			};
			buildConfigurationList = 1CDEA9431D421EE5008701BA /* Build configuration list for PBXProject "GSKitDemo" */;
			compatibilityVersion = "Xcode 3.2";
			developmentRegion = English;
			hasScannedForEncodings = 0;
			knownRegions = (
				en,
				Base,
			);
			mainGroup = 1CDEA93F1D421EE5008701BA;
			productRefGroup = 1CDEA9491D421EE5008701BA /* Products */;
			projectDirPath = "";
			projectRoot = "";
			targets = (
				1CDEA9471D421EE5008701BA /* GSKitDemo */,
				1CDEA9601D421EE5008701BA /* GSKitDemoTests */,
				1CDEA96B1D421EE5008701BA /* GSKitDemoUITests */,
			);
		};
/* End PBXProject section */

/* Begin PBXResourcesBuildPhase section */
		1CDEA9461D421EE5008701BA /* Resources */ = {
			isa = PBXResourcesBuildPhase;
			buildActionMask = 2147483647;
			files = (
				1CDEA95B1D421EE5008701BA /* LaunchScreen.storyboard in Resources */,
				1CDEA9581D421EE5008701BA /* Assets.xcassets in Resources */,
			);
			runOnlyForDeploymentPostprocessing = 0;
		};
		1CDEA95F1D421EE5008701BA /* Resources */ = {
			isa = PBXResourcesBuildPhase;
			buildActionMask = 2147483647;
			files = (
			);
			runOnlyForDeploymentPostprocessing = 0;
		};
		1CDEA96A1D421EE5008701BA /* Resources */ = {
			isa = PBXResourcesBuildPhase;
			buildActionMask = 2147483647;
			files = (
			);
			runOnlyForDeploymentPostprocessing = 0;
		};
/* End PBXResourcesBuildPhase section */

/* Begin PBXSourcesBuildPhase section */
		1CDEA9441D421EE5008701BA /* Sources */ = {
			isa = PBXSourcesBuildPhase;
			buildActionMask = 2147483647;
			files = (
				1CDEA9A71D422262008701BA /* GSCameraViewController.m in Sources */,
				1C1A86961D45A999003F6F7B /* GSWaittingView.m in Sources */,
				1C7FE8811D485C5C000BA9D6 /* CALayer+GSCategory.m in Sources */,
				1CB4EB681D499FCA00C958F7 /* GSIndicatorView.m in Sources */,
				1CB4EB691D499FCA00C958F7 /* GSShapeSlider.m in Sources */,
				1C1A86951D45A999003F6F7B /* GSTool.m in Sources */,
				1CDEA9531D421EE5008701BA /* ViewController.m in Sources */,
				1CDEA9A81D422262008701BA /* GSEditPhotoViewController.m in Sources */,
				1C1A86971D45A999003F6F7B /* UIButton+GSBlock.m in Sources */,
				1CDEA9A61D422262008701BA /* GSCameraNavigationController.m in Sources */,
				1CB4EB791D49AA5700C958F7 /* GSCollectionViewItem.m in Sources */,
				1CDEA9501D421EE5008701BA /* AppDelegate.m in Sources */,
				1CDEA9A91D422262008701BA /* GSPublishViewController.m in Sources */,
				1C7FE8781D485898000BA9D6 /* GSLayer.m in Sources */,
				1CB4EB7C1D4A023000C958F7 /* GSCollectionViewItemModel.m in Sources */,
				1CB4EB821D4A0BAF00C958F7 /* GSCollectionViewDataModel.m in Sources */,
				1C0FCC741D48C06C00AFDC4C /* GSModelBase.m in Sources */,
				1C81A85D1D4F452200E2FF39 /* UIImage+GSCategory.m in Sources */,
				1C1A86931D45A999003F6F7B /* GSPlayer.m in Sources */,
				1C0FCC711D48B5B300AFDC4C /* GSUnderlineSelectionView.m in Sources */,
				1CB4EB7F1D4A023900C958F7 /* GSCollectionViewSectionModel.m in Sources */,
				1CDEA9AA1D422262008701BA /* MianViewController.m in Sources */,
				1C1A86911D45A999003F6F7B /* GSCalendar.m in Sources */,
				1CB4EB761D49A97D00C958F7 /* GSCollectionViewModel.m in Sources */,
				1C1A86991D45A999003F6F7B /* UIView+GSLoading.m in Sources */,
				1C7FE87B1D4858AC000BA9D6 /* GSView.m in Sources */,
				1C1A86921D45A999003F6F7B /* GSCameraManager.m in Sources */,
				1CDEA94D1D421EE5008701BA /* main.m in Sources */,
				1C1A86941D45A999003F6F7B /* GSTimer.m in Sources */,
				1CB4EB701D49A10100C958F7 /* GSCollectionViewController.m in Sources */,
			);
			runOnlyForDeploymentPostprocessing = 0;
		};
		1CDEA95D1D421EE5008701BA /* Sources */ = {
			isa = PBXSourcesBuildPhase;
			buildActionMask = 2147483647;
			files = (
				1CDEA9661D421EE5008701BA /* GSKitDemoTests.m in Sources */,
			);
			runOnlyForDeploymentPostprocessing = 0;
		};
		1CDEA9681D421EE5008701BA /* Sources */ = {
			isa = PBXSourcesBuildPhase;
			buildActionMask = 2147483647;
			files = (
				1CDEA9711D421EE5008701BA /* GSKitDemoUITests.m in Sources */,
			);
			runOnlyForDeploymentPostprocessing = 0;
		};
/* End PBXSourcesBuildPhase section */

/* Begin PBXTargetDependency section */
		1CDEA9631D421EE5008701BA /* PBXTargetDependency */ = {
			isa = PBXTargetDependency;
			target = 1CDEA9471D421EE5008701BA /* GSKitDemo */;
			targetProxy = 1CDEA9621D421EE5008701BA /* PBXContainerItemProxy */;
		};
		1CDEA96E1D421EE5008701BA /* PBXTargetDependency */ = {
			isa = PBXTargetDependency;
			target = 1CDEA9471D421EE5008701BA /* GSKitDemo */;
			targetProxy = 1CDEA96D1D421EE5008701BA /* PBXContainerItemProxy */;
		};
/* End PBXTargetDependency section */

/* Begin PBXVariantGroup section */
		1CDEA9591D421EE5008701BA /* LaunchScreen.storyboard */ = {
			isa = PBXVariantGroup;
			children = (
				1CDEA95A1D421EE5008701BA /* Base */,
			);
			name = LaunchScreen.storyboard;
			sourceTree = "<group>";
		};
/* End PBXVariantGroup section */

/* Begin XCBuildConfiguration section */
		1CDEA9731D421EE5008701BA /* Debug */ = {
			isa = XCBuildConfiguration;
			buildSettings = {
				ALWAYS_SEARCH_USER_PATHS = NO;
				CLANG_ANALYZER_NONNULL = YES;
				CLANG_CXX_LANGUAGE_STANDARD = "gnu++0x";
				CLANG_CXX_LIBRARY = "libc++";
				CLANG_ENABLE_MODULES = YES;
				CLANG_ENABLE_OBJC_ARC = YES;
				CLANG_WARN_BOOL_CONVERSION = YES;
				CLANG_WARN_CONSTANT_CONVERSION = YES;
				CLANG_WARN_DIRECT_OBJC_ISA_USAGE = YES_ERROR;
				CLANG_WARN_EMPTY_BODY = YES;
				CLANG_WARN_ENUM_CONVERSION = YES;
				CLANG_WARN_INT_CONVERSION = YES;
				CLANG_WARN_OBJC_ROOT_CLASS = YES_ERROR;
				CLANG_WARN_UNREACHABLE_CODE = YES;
				CLANG_WARN__DUPLICATE_METHOD_MATCH = YES;
				"CODE_SIGN_IDENTITY[sdk=iphoneos*]" = "iPhone Developer";
				COPY_PHASE_STRIP = NO;
				DEBUG_INFORMATION_FORMAT = dwarf;
				ENABLE_STRICT_OBJC_MSGSEND = YES;
				ENABLE_TESTABILITY = YES;
				GCC_C_LANGUAGE_STANDARD = gnu99;
				GCC_DYNAMIC_NO_PIC = NO;
				GCC_NO_COMMON_BLOCKS = YES;
				GCC_OPTIMIZATION_LEVEL = 0;
				GCC_PREPROCESSOR_DEFINITIONS = (
					"DEBUG=1",
					"$(inherited)",
				);
				GCC_WARN_64_TO_32_BIT_CONVERSION = YES;
				GCC_WARN_ABOUT_RETURN_TYPE = YES_ERROR;
				GCC_WARN_UNDECLARED_SELECTOR = YES;
				GCC_WARN_UNINITIALIZED_AUTOS = YES_AGGRESSIVE;
				GCC_WARN_UNUSED_FUNCTION = YES;
				GCC_WARN_UNUSED_VARIABLE = YES;
				IPHONEOS_DEPLOYMENT_TARGET = 9.3;
				MTL_ENABLE_DEBUG_INFO = YES;
				ONLY_ACTIVE_ARCH = YES;
				SDKROOT = iphoneos;
			};
			name = Debug;
		};
		1CDEA9741D421EE5008701BA /* Release */ = {
			isa = XCBuildConfiguration;
			buildSettings = {
				ALWAYS_SEARCH_USER_PATHS = NO;
				CLANG_ANALYZER_NONNULL = YES;
				CLANG_CXX_LANGUAGE_STANDARD = "gnu++0x";
				CLANG_CXX_LIBRARY = "libc++";
				CLANG_ENABLE_MODULES = YES;
				CLANG_ENABLE_OBJC_ARC = YES;
				CLANG_WARN_BOOL_CONVERSION = YES;
				CLANG_WARN_CONSTANT_CONVERSION = YES;
				CLANG_WARN_DIRECT_OBJC_ISA_USAGE = YES_ERROR;
				CLANG_WARN_EMPTY_BODY = YES;
				CLANG_WARN_ENUM_CONVERSION = YES;
				CLANG_WARN_INT_CONVERSION = YES;
				CLANG_WARN_OBJC_ROOT_CLASS = YES_ERROR;
				CLANG_WARN_UNREACHABLE_CODE = YES;
				CLANG_WARN__DUPLICATE_METHOD_MATCH = YES;
				"CODE_SIGN_IDENTITY[sdk=iphoneos*]" = "iPhone Developer";
				COPY_PHASE_STRIP = NO;
				DEBUG_INFORMATION_FORMAT = "dwarf-with-dsym";
				ENABLE_NS_ASSERTIONS = NO;
				ENABLE_STRICT_OBJC_MSGSEND = YES;
				GCC_C_LANGUAGE_STANDARD = gnu99;
				GCC_NO_COMMON_BLOCKS = YES;
				GCC_WARN_64_TO_32_BIT_CONVERSION = YES;
				GCC_WARN_ABOUT_RETURN_TYPE = YES_ERROR;
				GCC_WARN_UNDECLARED_SELECTOR = YES;
				GCC_WARN_UNINITIALIZED_AUTOS = YES_AGGRESSIVE;
				GCC_WARN_UNUSED_FUNCTION = YES;
				GCC_WARN_UNUSED_VARIABLE = YES;
				IPHONEOS_DEPLOYMENT_TARGET = 9.3;
				MTL_ENABLE_DEBUG_INFO = NO;
				SDKROOT = iphoneos;
				VALIDATE_PRODUCT = YES;
			};
			name = Release;
		};
		1CDEA9761D421EE5008701BA /* Debug */ = {
			isa = XCBuildConfiguration;
			buildSettings = {
				ASSETCATALOG_COMPILER_APPICON_NAME = AppIcon;
				CLANG_ENABLE_OBJC_ARC = NO;
				INFOPLIST_FILE = GSKitDemo/Info.plist;
				IPHONEOS_DEPLOYMENT_TARGET = 8.0;
				LD_RUNPATH_SEARCH_PATHS = "$(inherited) @executable_path/Frameworks";
				PRODUCT_BUNDLE_IDENTIFIER = com.GarryLance.GSKitDemo;
				PRODUCT_NAME = "$(TARGET_NAME)";
			};
			name = Debug;
		};
		1CDEA9771D421EE5008701BA /* Release */ = {
			isa = XCBuildConfiguration;
			buildSettings = {
				ASSETCATALOG_COMPILER_APPICON_NAME = AppIcon;
				CLANG_ENABLE_OBJC_ARC = NO;
				INFOPLIST_FILE = GSKitDemo/Info.plist;
				IPHONEOS_DEPLOYMENT_TARGET = 8.0;
				LD_RUNPATH_SEARCH_PATHS = "$(inherited) @executable_path/Frameworks";
				PRODUCT_BUNDLE_IDENTIFIER = com.GarryLance.GSKitDemo;
				PRODUCT_NAME = "$(TARGET_NAME)";
			};
			name = Release;
		};
		1CDEA9791D421EE5008701BA /* Debug */ = {
			isa = XCBuildConfiguration;
			buildSettings = {
				BUNDLE_LOADER = "$(TEST_HOST)";
				INFOPLIST_FILE = GSKitDemoTests/Info.plist;
				LD_RUNPATH_SEARCH_PATHS = "$(inherited) @executable_path/Frameworks @loader_path/Frameworks";
				PRODUCT_BUNDLE_IDENTIFIER = GarryLance.GSKitDemoTests;
				PRODUCT_NAME = "$(TARGET_NAME)";
				TEST_HOST = "$(BUILT_PRODUCTS_DIR)/GSKitDemo.app/GSKitDemo";
			};
			name = Debug;
		};
		1CDEA97A1D421EE5008701BA /* Release */ = {
			isa = XCBuildConfiguration;
			buildSettings = {
				BUNDLE_LOADER = "$(TEST_HOST)";
				INFOPLIST_FILE = GSKitDemoTests/Info.plist;
				LD_RUNPATH_SEARCH_PATHS = "$(inherited) @executable_path/Frameworks @loader_path/Frameworks";
				PRODUCT_BUNDLE_IDENTIFIER = GarryLance.GSKitDemoTests;
				PRODUCT_NAME = "$(TARGET_NAME)";
				TEST_HOST = "$(BUILT_PRODUCTS_DIR)/GSKitDemo.app/GSKitDemo";
			};
			name = Release;
		};
		1CDEA97C1D421EE5008701BA /* Debug */ = {
			isa = XCBuildConfiguration;
			buildSettings = {
				INFOPLIST_FILE = GSKitDemoUITests/Info.plist;
				LD_RUNPATH_SEARCH_PATHS = "$(inherited) @executable_path/Frameworks @loader_path/Frameworks";
				PRODUCT_BUNDLE_IDENTIFIER = GarryLance.GSKitDemoUITests;
				PRODUCT_NAME = "$(TARGET_NAME)";
				TEST_TARGET_NAME = GSKitDemo;
			};
			name = Debug;
		};
		1CDEA97D1D421EE5008701BA /* Release */ = {
			isa = XCBuildConfiguration;
			buildSettings = {
				INFOPLIST_FILE = GSKitDemoUITests/Info.plist;
				LD_RUNPATH_SEARCH_PATHS = "$(inherited) @executable_path/Frameworks @loader_path/Frameworks";
				PRODUCT_BUNDLE_IDENTIFIER = GarryLance.GSKitDemoUITests;
				PRODUCT_NAME = "$(TARGET_NAME)";
				TEST_TARGET_NAME = GSKitDemo;
			};
			name = Release;
		};
/* End XCBuildConfiguration section */

/* Begin XCConfigurationList section */
		1CDEA9431D421EE5008701BA /* Build configuration list for PBXProject "GSKitDemo" */ = {
			isa = XCConfigurationList;
			buildConfigurations = (
				1CDEA9731D421EE5008701BA /* Debug */,
				1CDEA9741D421EE5008701BA /* Release */,
			);
			defaultConfigurationIsVisible = 0;
			defaultConfigurationName = Release;
		};
		1CDEA9751D421EE5008701BA /* Build configuration list for PBXNativeTarget "GSKitDemo" */ = {
			isa = XCConfigurationList;
			buildConfigurations = (
				1CDEA9761D421EE5008701BA /* Debug */,
				1CDEA9771D421EE5008701BA /* Release */,
			);
			defaultConfigurationIsVisible = 0;
			defaultConfigurationName = Release;
		};
		1CDEA9781D421EE5008701BA /* Build configuration list for PBXNativeTarget "GSKitDemoTests" */ = {
			isa = XCConfigurationList;
			buildConfigurations = (
				1CDEA9791D421EE5008701BA /* Debug */,
				1CDEA97A1D421EE5008701BA /* Release */,
			);
			defaultConfigurationIsVisible = 0;
			defaultConfigurationName = Release;
		};
		1CDEA97B1D421EE5008701BA /* Build configuration list for PBXNativeTarget "GSKitDemoUITests" */ = {
			isa = XCConfigurationList;
			buildConfigurations = (
				1CDEA97C1D421EE5008701BA /* Debug */,
				1CDEA97D1D421EE5008701BA /* Release */,
			);
			defaultConfigurationIsVisible = 0;
			defaultConfigurationName = Release;
		};
/* End XCConfigurationList section */
	};
	rootObject = 1CDEA9401D421EE5008701BA /* Project object */;
}
